
Microsoft Visual Studio Solution File, Format Version 12.00
# Visual Studio Version 17
VisualStudioVersion = 17.5.33414.496
MinimumVisualStudioVersion = 10.0.40219.1
Project("{9A19103F-16F7-4668-BE54-9A1E7A4F7556}") = "Tour_Planner", "Tour_Planner\Tour_Planner.csproj", "{277495B7-8EDA-4B8A-B553-52F526501CFA}"
EndProject
Global
	GlobalSection(SolutionConfigurationPlatforms) = preSolution
		Debug|Any CPU = Debug|Any CPU
		Release|Any CPU = Release|Any CPU
	EndGlobalSection
	GlobalSection(ProjectConfigurationPlatforms) = postSolution
		{277495B7-8EDA-4B8A-B553-52F526501CFA}.Debug|Any CPU.ActiveCfg = Debug|Any CPU
		{277495B7-8EDA-4B8A-B553-52F526501CFA}.Debug|Any CPU.Build.0 = Debug|Any CPU
		{277495B7-8EDA-4B8A-B553-52F526501CFA}.Release|Any CPU.ActiveCfg = Release|Any CPU
		{277495B7-8EDA-4B8A-B553-52F526501CFA}.Release|Any CPU.Build.0 = Release|Any CPU
	EndGlobalSection
	GlobalSection(SolutionProperties) = preSolution
		HideSolutionNode = FALSE
	EndGlobalSection
	GlobalSection(ExtensibilityGlobals) = postSolution
		SolutionGuid = {788DAF7C-D7ED-45D4-BE75-510AD5AC0A35}
	EndGlobalSection
EndGlobal
